// !$*UTF8*$!
{
	archiveVersion = 1;
	classes = {
	};
	objectVersion = 46;
	objects = {

/* Begin PBXBuildFile section */
		6B353CE11A44BC9000B5D930 /* EMBERSConfig.m in Sources */ = {isa = PBXBuildFile; fileRef = 6B353CE01A44BC9000B5D930 /* EMBERSConfig.m */; };
		6B353CE41A44C50C00B5D930 /* Location.m in Sources */ = {isa = PBXBuildFile; fileRef = 6B353CE31A44C50C00B5D930 /* Location.m */; };
		6B353CE71A44C5D200B5D930 /* EmbersRecord.m in Sources */ = {isa = PBXBuildFile; fileRef = 6B353CE61A44C5D200B5D930 /* EmbersRecord.m */; };
		6B6EE8471A4419C8004A58D9 /* NewsViewController.m in Sources */ = {isa = PBXBuildFile; fileRef = 6B6EE83C1A4419C8004A58D9 /* NewsViewController.m */; };
		6B6EE8481A4419C8004A58D9 /* MIViewController.m in Sources */ = {isa = PBXBuildFile; fileRef = 6B6EE83E1A4419C8004A58D9 /* MIViewController.m */; };
		6B6EE8491A4419C8004A58D9 /* MenuTableViewController.m in Sources */ = {isa = PBXBuildFile; fileRef = 6B6EE8401A4419C8004A58D9 /* MenuTableViewController.m */; };
		6B6EE84A1A4419C8004A58D9 /* ViewController.m in Sources */ = {isa = PBXBuildFile; fileRef = 6B6EE8421A4419C8004A58D9 /* ViewController.m */; };
		6B6EE84B1A4419C8004A58D9 /* MenuListViewController.m in Sources */ = {isa = PBXBuildFile; fileRef = 6B6EE8441A4419C8004A58D9 /* MenuListViewController.m */; };
		6B6EE84C1A4419C8004A58D9 /* MapViewController.m in Sources */ = {isa = PBXBuildFile; fileRef = 6B6EE8461A4419C8004A58D9 /* MapViewController.m */; };
		6B6EE85F1A4419D8004A58D9 /* ProcessedInstore.m in Sources */ = {isa = PBXBuildFile; fileRef = 6B6EE84E1A4419D8004A58D9 /* ProcessedInstore.m */; };
		6B6EE8601A4419D8004A58D9 /* TastingNote.m in Sources */ = {isa = PBXBuildFile; fileRef = 6B6EE8501A4419D8004A58D9 /* TastingNote.m */; };
		6B6EE8611A4419D8004A58D9 /* MenuHeader.m in Sources */ = {isa = PBXBuildFile; fileRef = 6B6EE8521A4419D8004A58D9 /* MenuHeader.m */; };
		6B6EE8621A4419D8004A58D9 /* Menu.m in Sources */ = {isa = PBXBuildFile; fileRef = 6B6EE8541A4419D8004A58D9 /* Menu.m */; };
		6B6EE8641A4419D8004A58D9 /* MenuItem.m in Sources */ = {isa = PBXBuildFile; fileRef = 6B6EE8581A4419D8004A58D9 /* MenuItem.m */; };
		6B6EE8651A4419D8004A58D9 /* AppData.m in Sources */ = {isa = PBXBuildFile; fileRef = 6B6EE85A1A4419D8004A58D9 /* AppData.m */; };
		6B6EE8661A4419D8004A58D9 /* MenuCache.m in Sources */ = {isa = PBXBuildFile; fileRef = 6B6EE85C1A4419D8004A58D9 /* MenuCache.m */; };
		6B6EE8671A4419D8004A58D9 /* ModelData.m in Sources */ = {isa = PBXBuildFile; fileRef = 6B6EE85E1A4419D8004A58D9 /* ModelData.m */; };
		6B6EE8761A4419E5004A58D9 /* MHBottomDecoratorCell.m in Sources */ = {isa = PBXBuildFile; fileRef = 6B6EE8691A4419E5004A58D9 /* MHBottomDecoratorCell.m */; };
		6B6EE8771A4419E5004A58D9 /* MenuHeaderView.m in Sources */ = {isa = PBXBuildFile; fileRef = 6B6EE86B1A4419E5004A58D9 /* MenuHeaderView.m */; };
		6B6EE8781A4419E5004A58D9 /* MenuItemView.m in Sources */ = {isa = PBXBuildFile; fileRef = 6B6EE86D1A4419E5004A58D9 /* MenuItemView.m */; };
		6B6EE8791A4419E5004A58D9 /* MenuListItemView.m in Sources */ = {isa = PBXBuildFile; fileRef = 6B6EE86F1A4419E5004A58D9 /* MenuListItemView.m */; };
		6B6EE87A1A4419E5004A58D9 /* MenuHeaderCell.m in Sources */ = {isa = PBXBuildFile; fileRef = 6B6EE8711A4419E5004A58D9 /* MenuHeaderCell.m */; };
		6B6EE87B1A4419E5004A58D9 /* MenuItemCell.m in Sources */ = {isa = PBXBuildFile; fileRef = 6B6EE8731A4419E5004A58D9 /* MenuItemCell.m */; };
		6B6EE87C1A4419E5004A58D9 /* ButtonView.m in Sources */ = {isa = PBXBuildFile; fileRef = 6B6EE8751A4419E5004A58D9 /* ButtonView.m */; };
		6B6EE87F1A441A3B004A58D9 /* NSDictionary+Additions.m in Sources */ = {isa = PBXBuildFile; fileRef = 6B6EE87E1A441A3B004A58D9 /* NSDictionary+Additions.m */; };
		6B6EE8861A441DC7004A58D9 /* main-bg-black.png in Resources */ = {isa = PBXBuildFile; fileRef = 6B6EE8851A441DC7004A58D9 /* main-bg-black.png */; };
		6B6EE8881A441DD0004A58D9 /* main-bg-black@2x.png in Resources */ = {isa = PBXBuildFile; fileRef = 6B6EE8871A441DD0004A58D9 /* main-bg-black@2x.png */; };
		6B6EE88B1A441DF3004A58D9 /* main-bg-clear.png in Resources */ = {isa = PBXBuildFile; fileRef = 6B6EE8891A441DF3004A58D9 /* main-bg-clear.png */; };
		6B6EE88C1A441DF3004A58D9 /* main-bg-clear@2x.png in Resources */ = {isa = PBXBuildFile; fileRef = 6B6EE88A1A441DF3004A58D9 /* main-bg-clear@2x.png */; };
		6B6EE88F1A449EEC004A58D9 /* arrow-up@2x.png in Resources */ = {isa = PBXBuildFile; fileRef = 6B6EE88D1A449EEC004A58D9 /* arrow-up@2x.png */; };
		6B6EE8901A449EEC004A58D9 /* arrow-up.png in Resources */ = {isa = PBXBuildFile; fileRef = 6B6EE88E1A449EEC004A58D9 /* arrow-up.png */; };
		6B6EE8931A449F18004A58D9 /* close-icon@2x.png in Resources */ = {isa = PBXBuildFile; fileRef = 6B6EE8911A449F18004A58D9 /* close-icon@2x.png */; };
		6B6EE8941A449F18004A58D9 /* close-icon.png in Resources */ = {isa = PBXBuildFile; fileRef = 6B6EE8921A449F18004A58D9 /* close-icon.png */; };
		6B6EE8971A449F7A004A58D9 /* arrow-down-circle@2x.png in Resources */ = {isa = PBXBuildFile; fileRef = 6B6EE8951A449F7A004A58D9 /* arrow-down-circle@2x.png */; };
		6B6EE8981A449F7A004A58D9 /* arrow-down-circle.png in Resources */ = {isa = PBXBuildFile; fileRef = 6B6EE8961A449F7A004A58D9 /* arrow-down-circle.png */; };
		6B6EE89B1A449F8C004A58D9 /* glass-fork.png in Resources */ = {isa = PBXBuildFile; fileRef = 6B6EE8991A449F8C004A58D9 /* glass-fork.png */; };
		6B6EE89C1A449F8C004A58D9 /* glass-fork@2x.png in Resources */ = {isa = PBXBuildFile; fileRef = 6B6EE89A1A449F8C004A58D9 /* glass-fork@2x.png */; };
		6B6EE89E1A44A1B6004A58D9 /* arrow-down@2x.png in Resources */ = {isa = PBXBuildFile; fileRef = 6B6EE89D1A44A1B6004A58D9 /* arrow-down@2x.png */; };
		6B6EE8A11A44A312004A58D9 /* image-down1.png in Resources */ = {isa = PBXBuildFile; fileRef = 6B6EE89F1A44A312004A58D9 /* image-down1.png */; };
		6B6EE8A21A44A312004A58D9 /* image-up1.png in Resources */ = {isa = PBXBuildFile; fileRef = 6B6EE8A01A44A312004A58D9 /* image-up1.png */; };
		6BC81D631A440ED90042DA9A /* main.m in Sources */ = {isa = PBXBuildFile; fileRef = 6BC81D621A440ED90042DA9A /* main.m */; };
		6BC81D661A440ED90042DA9A /* AppDelegate.m in Sources */ = {isa = PBXBuildFile; fileRef = 6BC81D651A440ED90042DA9A /* AppDelegate.m */; };
		6BC81D6C1A440ED90042DA9A /* Main.storyboard in Resources */ = {isa = PBXBuildFile; fileRef = 6BC81D6A1A440ED90042DA9A /* Main.storyboard */; };
		6BC81D6E1A440ED90042DA9A /* Images.xcassets in Resources */ = {isa = PBXBuildFile; fileRef = 6BC81D6D1A440ED90042DA9A /* Images.xcassets */; };
		6BC81D711A440ED90042DA9A /* LaunchScreen-bak.xib in Resources */ = {isa = PBXBuildFile; fileRef = 6BC81D6F1A440ED90042DA9A /* LaunchScreen-bak.xib */; };
		6BC81D7D1A440ED90042DA9A /* embers_ios_templateTests.m in Sources */ = {isa = PBXBuildFile; fileRef = 6BC81D7C1A440ED90042DA9A /* embers_ios_templateTests.m */; };
		6BC81D941A4411220042DA9A /* CacheController.m in Sources */ = {isa = PBXBuildFile; fileRef = 6BC81D931A4411220042DA9A /* CacheController.m */; };
		B0C002A28EC081550CBEFF76 /* libPods.a in Frameworks */ = {isa = PBXBuildFile; fileRef = 8FA45D39F6C98EC5117D1C16 /* libPods.a */; };
/* End PBXBuildFile section */

/* Begin PBXContainerItemProxy section */
		6BC81D771A440ED90042DA9A /* PBXContainerItemProxy */ = {
			isa = PBXContainerItemProxy;
			containerPortal = 6BC81D551A440ED90042DA9A /* Project object */;
			proxyType = 1;
			remoteGlobalIDString = 6BC81D5C1A440ED90042DA9A;
			remoteInfo = "embers-ios-template";
		};
/* End PBXContainerItemProxy section */

/* Begin PBXFileReference section */
		153C1C532813166E886D648D /* Pods.debug.xcconfig */ = {isa = PBXFileReference; includeInIndex = 1; lastKnownFileType = text.xcconfig; name = Pods.debug.xcconfig; path = "Pods/Target Support Files/Pods/Pods.debug.xcconfig"; sourceTree = "<group>"; };
		6B353CDF1A44BC7B00B5D930 /* EMBERSConfig.h */ = {isa = PBXFileReference; fileEncoding = 4; lastKnownFileType = sourcecode.c.h; path = EMBERSConfig.h; sourceTree = "<group>"; };
		6B353CE01A44BC9000B5D930 /* EMBERSConfig.m */ = {isa = PBXFileReference; fileEncoding = 4; lastKnownFileType = sourcecode.c.objc; path = EMBERSConfig.m; sourceTree = "<group>"; };
		6B353CE21A44C50C00B5D930 /* Location.h */ = {isa = PBXFileReference; fileEncoding = 4; lastKnownFileType = sourcecode.c.h; path = Location.h; sourceTree = "<group>"; };
		6B353CE31A44C50C00B5D930 /* Location.m */ = {isa = PBXFileReference; fileEncoding = 4; lastKnownFileType = sourcecode.c.objc; path = Location.m; sourceTree = "<group>"; };
		6B353CE51A44C5D200B5D930 /* EmbersRecord.h */ = {isa = PBXFileReference; fileEncoding = 4; lastKnownFileType = sourcecode.c.h; path = EmbersRecord.h; sourceTree = "<group>"; };
		6B353CE61A44C5D200B5D930 /* EmbersRecord.m */ = {isa = PBXFileReference; fileEncoding = 4; lastKnownFileType = sourcecode.c.objc; path = EmbersRecord.m; sourceTree = "<group>"; };
		6B6EE83B1A4419C8004A58D9 /* NewsViewController.h */ = {isa = PBXFileReference; fileEncoding = 4; lastKnownFileType = sourcecode.c.h; path = NewsViewController.h; sourceTree = "<group>"; };
		6B6EE83C1A4419C8004A58D9 /* NewsViewController.m */ = {isa = PBXFileReference; fileEncoding = 4; lastKnownFileType = sourcecode.c.objc; path = NewsViewController.m; sourceTree = "<group>"; };
		6B6EE83D1A4419C8004A58D9 /* MIViewController.h */ = {isa = PBXFileReference; fileEncoding = 4; lastKnownFileType = sourcecode.c.h; path = MIViewController.h; sourceTree = "<group>"; };
		6B6EE83E1A4419C8004A58D9 /* MIViewController.m */ = {isa = PBXFileReference; fileEncoding = 4; lastKnownFileType = sourcecode.c.objc; path = MIViewController.m; sourceTree = "<group>"; };
		6B6EE83F1A4419C8004A58D9 /* MenuTableViewController.h */ = {isa = PBXFileReference; fileEncoding = 4; lastKnownFileType = sourcecode.c.h; path = MenuTableViewController.h; sourceTree = "<group>"; };
		6B6EE8401A4419C8004A58D9 /* MenuTableViewController.m */ = {isa = PBXFileReference; fileEncoding = 4; lastKnownFileType = sourcecode.c.objc; path = MenuTableViewController.m; sourceTree = "<group>"; };
		6B6EE8411A4419C8004A58D9 /* ViewController.h */ = {isa = PBXFileReference; fileEncoding = 4; lastKnownFileType = sourcecode.c.h; path = ViewController.h; sourceTree = "<group>"; };
		6B6EE8421A4419C8004A58D9 /* ViewController.m */ = {isa = PBXFileReference; fileEncoding = 4; lastKnownFileType = sourcecode.c.objc; path = ViewController.m; sourceTree = "<group>"; };
		6B6EE8431A4419C8004A58D9 /* MenuListViewController.h */ = {isa = PBXFileReference; fileEncoding = 4; lastKnownFileType = sourcecode.c.h; path = MenuListViewController.h; sourceTree = "<group>"; };
		6B6EE8441A4419C8004A58D9 /* MenuListViewController.m */ = {isa = PBXFileReference; fileEncoding = 4; lastKnownFileType = sourcecode.c.objc; path = MenuListViewController.m; sourceTree = "<group>"; };
		6B6EE8451A4419C8004A58D9 /* MapViewController.h */ = {isa = PBXFileReference; fileEncoding = 4; lastKnownFileType = sourcecode.c.h; path = MapViewController.h; sourceTree = "<group>"; };
		6B6EE8461A4419C8004A58D9 /* MapViewController.m */ = {isa = PBXFileReference; fileEncoding = 4; lastKnownFileType = sourcecode.c.objc; path = MapViewController.m; sourceTree = "<group>"; };
		6B6EE84D1A4419D8004A58D9 /* ProcessedInstore.h */ = {isa = PBXFileReference; fileEncoding = 4; lastKnownFileType = sourcecode.c.h; path = ProcessedInstore.h; sourceTree = "<group>"; };
		6B6EE84E1A4419D8004A58D9 /* ProcessedInstore.m */ = {isa = PBXFileReference; fileEncoding = 4; lastKnownFileType = sourcecode.c.objc; path = ProcessedInstore.m; sourceTree = "<group>"; };
		6B6EE84F1A4419D8004A58D9 /* TastingNote.h */ = {isa = PBXFileReference; fileEncoding = 4; lastKnownFileType = sourcecode.c.h; path = TastingNote.h; sourceTree = "<group>"; };
		6B6EE8501A4419D8004A58D9 /* TastingNote.m */ = {isa = PBXFileReference; fileEncoding = 4; lastKnownFileType = sourcecode.c.objc; path = TastingNote.m; sourceTree = "<group>"; };
		6B6EE8511A4419D8004A58D9 /* MenuHeader.h */ = {isa = PBXFileReference; fileEncoding = 4; lastKnownFileType = sourcecode.c.h; path = MenuHeader.h; sourceTree = "<group>"; };
		6B6EE8521A4419D8004A58D9 /* MenuHeader.m */ = {isa = PBXFileReference; fileEncoding = 4; lastKnownFileType = sourcecode.c.objc; path = MenuHeader.m; sourceTree = "<group>"; };
		6B6EE8531A4419D8004A58D9 /* Menu.h */ = {isa = PBXFileReference; fileEncoding = 4; lastKnownFileType = sourcecode.c.h; path = Menu.h; sourceTree = "<group>"; };
		6B6EE8541A4419D8004A58D9 /* Menu.m */ = {isa = PBXFileReference; fileEncoding = 4; lastKnownFileType = sourcecode.c.objc; path = Menu.m; sourceTree = "<group>"; };
		6B6EE8551A4419D8004A58D9 /* MenuItem.h */ = {isa = PBXFileReference; fileEncoding = 4; lastKnownFileType = sourcecode.c.h; path = MenuItem.h; sourceTree = "<group>"; };
		6B6EE8581A4419D8004A58D9 /* MenuItem.m */ = {isa = PBXFileReference; fileEncoding = 4; lastKnownFileType = sourcecode.c.objc; path = MenuItem.m; sourceTree = "<group>"; };
		6B6EE8591A4419D8004A58D9 /* AppData.h */ = {isa = PBXFileReference; fileEncoding = 4; lastKnownFileType = sourcecode.c.h; path = AppData.h; sourceTree = "<group>"; };
		6B6EE85A1A4419D8004A58D9 /* AppData.m */ = {isa = PBXFileReference; fileEncoding = 4; lastKnownFileType = sourcecode.c.objc; path = AppData.m; sourceTree = "<group>"; };
		6B6EE85B1A4419D8004A58D9 /* MenuCache.h */ = {isa = PBXFileReference; fileEncoding = 4; lastKnownFileType = sourcecode.c.h; path = MenuCache.h; sourceTree = "<group>"; };
		6B6EE85C1A4419D8004A58D9 /* MenuCache.m */ = {isa = PBXFileReference; fileEncoding = 4; lastKnownFileType = sourcecode.c.objc; path = MenuCache.m; sourceTree = "<group>"; };
		6B6EE85D1A4419D8004A58D9 /* ModelData.h */ = {isa = PBXFileReference; fileEncoding = 4; lastKnownFileType = sourcecode.c.h; path = ModelData.h; sourceTree = "<group>"; };
		6B6EE85E1A4419D8004A58D9 /* ModelData.m */ = {isa = PBXFileReference; fileEncoding = 4; lastKnownFileType = sourcecode.c.objc; path = ModelData.m; sourceTree = "<group>"; };
		6B6EE8681A4419E5004A58D9 /* MHBottomDecoratorCell.h */ = {isa = PBXFileReference; fileEncoding = 4; lastKnownFileType = sourcecode.c.h; path = MHBottomDecoratorCell.h; sourceTree = "<group>"; };
		6B6EE8691A4419E5004A58D9 /* MHBottomDecoratorCell.m */ = {isa = PBXFileReference; fileEncoding = 4; lastKnownFileType = sourcecode.c.objc; path = MHBottomDecoratorCell.m; sourceTree = "<group>"; };
		6B6EE86A1A4419E5004A58D9 /* MenuHeaderView.h */ = {isa = PBXFileReference; fileEncoding = 4; lastKnownFileType = sourcecode.c.h; path = MenuHeaderView.h; sourceTree = "<group>"; };
		6B6EE86B1A4419E5004A58D9 /* MenuHeaderView.m */ = {isa = PBXFileReference; fileEncoding = 4; lastKnownFileType = sourcecode.c.objc; path = MenuHeaderView.m; sourceTree = "<group>"; };
		6B6EE86C1A4419E5004A58D9 /* MenuItemView.h */ = {isa = PBXFileReference; fileEncoding = 4; lastKnownFileType = sourcecode.c.h; path = MenuItemView.h; sourceTree = "<group>"; };
		6B6EE86D1A4419E5004A58D9 /* MenuItemView.m */ = {isa = PBXFileReference; fileEncoding = 4; lastKnownFileType = sourcecode.c.objc; path = MenuItemView.m; sourceTree = "<group>"; };
		6B6EE86E1A4419E5004A58D9 /* MenuListItemView.h */ = {isa = PBXFileReference; fileEncoding = 4; lastKnownFileType = sourcecode.c.h; path = MenuListItemView.h; sourceTree = "<group>"; };
		6B6EE86F1A4419E5004A58D9 /* MenuListItemView.m */ = {isa = PBXFileReference; fileEncoding = 4; lastKnownFileType = sourcecode.c.objc; path = MenuListItemView.m; sourceTree = "<group>"; };
		6B6EE8701A4419E5004A58D9 /* MenuHeaderCell.h */ = {isa = PBXFileReference; fileEncoding = 4; lastKnownFileType = sourcecode.c.h; path = MenuHeaderCell.h; sourceTree = "<group>"; };
		6B6EE8711A4419E5004A58D9 /* MenuHeaderCell.m */ = {isa = PBXFileReference; fileEncoding = 4; lastKnownFileType = sourcecode.c.objc; path = MenuHeaderCell.m; sourceTree = "<group>"; };
		6B6EE8721A4419E5004A58D9 /* MenuItemCell.h */ = {isa = PBXFileReference; fileEncoding = 4; lastKnownFileType = sourcecode.c.h; path = MenuItemCell.h; sourceTree = "<group>"; };
		6B6EE8731A4419E5004A58D9 /* MenuItemCell.m */ = {isa = PBXFileReference; fileEncoding = 4; lastKnownFileType = sourcecode.c.objc; path = MenuItemCell.m; sourceTree = "<group>"; };
		6B6EE8741A4419E5004A58D9 /* ButtonView.h */ = {isa = PBXFileReference; fileEncoding = 4; lastKnownFileType = sourcecode.c.h; path = ButtonView.h; sourceTree = "<group>"; };
		6B6EE8751A4419E5004A58D9 /* ButtonView.m */ = {isa = PBXFileReference; fileEncoding = 4; lastKnownFileType = sourcecode.c.objc; path = ButtonView.m; sourceTree = "<group>"; };
		6B6EE87D1A441A3B004A58D9 /* NSDictionary+Additions.h */ = {isa = PBXFileReference; fileEncoding = 4; lastKnownFileType = sourcecode.c.h; path = "NSDictionary+Additions.h"; sourceTree = "<group>"; };
		6B6EE87E1A441A3B004A58D9 /* NSDictionary+Additions.m */ = {isa = PBXFileReference; fileEncoding = 4; lastKnownFileType = sourcecode.c.objc; path = "NSDictionary+Additions.m"; sourceTree = "<group>"; };
		6B6EE8831A441BB9004A58D9 /* EmbersIosTemplate-Prefix.pch */ = {isa = PBXFileReference; lastKnownFileType = sourcecode.c.h; path = "EmbersIosTemplate-Prefix.pch"; sourceTree = "<group>"; };
		6B6EE8851A441DC7004A58D9 /* main-bg-black.png */ = {isa = PBXFileReference; lastKnownFileType = image.png; path = "main-bg-black.png"; sourceTree = "<group>"; };
		6B6EE8871A441DD0004A58D9 /* main-bg-black@2x.png */ = {isa = PBXFileReference; lastKnownFileType = image.png; path = "main-bg-black@2x.png"; sourceTree = "<group>"; };
		6B6EE8891A441DF3004A58D9 /* main-bg-clear.png */ = {isa = PBXFileReference; lastKnownFileType = image.png; path = "main-bg-clear.png"; sourceTree = "<group>"; };
		6B6EE88A1A441DF3004A58D9 /* main-bg-clear@2x.png */ = {isa = PBXFileReference; lastKnownFileType = image.png; path = "main-bg-clear@2x.png"; sourceTree = "<group>"; };
		6B6EE88D1A449EEC004A58D9 /* arrow-up@2x.png */ = {isa = PBXFileReference; lastKnownFileType = image.png; path = "arrow-up@2x.png"; sourceTree = "<group>"; };
		6B6EE88E1A449EEC004A58D9 /* arrow-up.png */ = {isa = PBXFileReference; lastKnownFileType = image.png; path = "arrow-up.png"; sourceTree = "<group>"; };
		6B6EE8911A449F18004A58D9 /* close-icon@2x.png */ = {isa = PBXFileReference; lastKnownFileType = image.png; path = "close-icon@2x.png"; sourceTree = "<group>"; };
		6B6EE8921A449F18004A58D9 /* close-icon.png */ = {isa = PBXFileReference; lastKnownFileType = image.png; path = "close-icon.png"; sourceTree = "<group>"; };
		6B6EE8951A449F7A004A58D9 /* arrow-down-circle@2x.png */ = {isa = PBXFileReference; lastKnownFileType = image.png; path = "arrow-down-circle@2x.png"; sourceTree = "<group>"; };
		6B6EE8961A449F7A004A58D9 /* arrow-down-circle.png */ = {isa = PBXFileReference; lastKnownFileType = image.png; path = "arrow-down-circle.png"; sourceTree = "<group>"; };
		6B6EE8991A449F8C004A58D9 /* glass-fork.png */ = {isa = PBXFileReference; lastKnownFileType = image.png; path = "glass-fork.png"; sourceTree = "<group>"; };
		6B6EE89A1A449F8C004A58D9 /* glass-fork@2x.png */ = {isa = PBXFileReference; lastKnownFileType = image.png; path = "glass-fork@2x.png"; sourceTree = "<group>"; };
		6B6EE89D1A44A1B6004A58D9 /* arrow-down@2x.png */ = {isa = PBXFileReference; lastKnownFileType = image.png; path = "arrow-down@2x.png"; sourceTree = "<group>"; };
		6B6EE89F1A44A312004A58D9 /* image-down1.png */ = {isa = PBXFileReference; lastKnownFileType = image.png; path = "image-down1.png"; sourceTree = "<group>"; };
		6B6EE8A01A44A312004A58D9 /* image-up1.png */ = {isa = PBXFileReference; lastKnownFileType = image.png; path = "image-up1.png"; sourceTree = "<group>"; };
		6BC81D5D1A440ED90042DA9A /* embers-ios-template.app */ = {isa = PBXFileReference; explicitFileType = wrapper.application; includeInIndex = 0; path = "embers-ios-template.app"; sourceTree = BUILT_PRODUCTS_DIR; };
		6BC81D611A440ED90042DA9A /* Info.plist */ = {isa = PBXFileReference; lastKnownFileType = text.plist.xml; path = Info.plist; sourceTree = "<group>"; };
		6BC81D621A440ED90042DA9A /* main.m */ = {isa = PBXFileReference; lastKnownFileType = sourcecode.c.objc; path = main.m; sourceTree = "<group>"; };
		6BC81D641A440ED90042DA9A /* AppDelegate.h */ = {isa = PBXFileReference; lastKnownFileType = sourcecode.c.h; path = AppDelegate.h; sourceTree = "<group>"; };
		6BC81D651A440ED90042DA9A /* AppDelegate.m */ = {isa = PBXFileReference; lastKnownFileType = sourcecode.c.objc; path = AppDelegate.m; sourceTree = "<group>"; };
		6BC81D6B1A440ED90042DA9A /* Base */ = {isa = PBXFileReference; lastKnownFileType = file.storyboard; name = Base; path = Base.lproj/Main.storyboard; sourceTree = "<group>"; };
		6BC81D6D1A440ED90042DA9A /* Images.xcassets */ = {isa = PBXFileReference; lastKnownFileType = folder.assetcatalog; path = Images.xcassets; sourceTree = "<group>"; };
		6BC81D701A440ED90042DA9A /* Base */ = {isa = PBXFileReference; lastKnownFileType = file.xib; name = Base; path = "Base.lproj/LaunchScreen-bak.xib"; sourceTree = "<group>"; };
		6BC81D761A440ED90042DA9A /* embers-ios-templateTests.xctest */ = {isa = PBXFileReference; explicitFileType = wrapper.cfbundle; includeInIndex = 0; path = "embers-ios-templateTests.xctest"; sourceTree = BUILT_PRODUCTS_DIR; };
		6BC81D7B1A440ED90042DA9A /* Info.plist */ = {isa = PBXFileReference; lastKnownFileType = text.plist.xml; path = Info.plist; sourceTree = "<group>"; };
		6BC81D7C1A440ED90042DA9A /* embers_ios_templateTests.m */ = {isa = PBXFileReference; lastKnownFileType = sourcecode.c.objc; path = embers_ios_templateTests.m; sourceTree = "<group>"; };
		6BC81D921A4411220042DA9A /* CacheController.h */ = {isa = PBXFileReference; fileEncoding = 4; lastKnownFileType = sourcecode.c.h; path = CacheController.h; sourceTree = "<group>"; };
		6BC81D931A4411220042DA9A /* CacheController.m */ = {isa = PBXFileReference; fileEncoding = 4; lastKnownFileType = sourcecode.c.objc; path = CacheController.m; sourceTree = "<group>"; };
		8C3B174A89C0B7566741789F /* Pods.release.xcconfig */ = {isa = PBXFileReference; includeInIndex = 1; lastKnownFileType = text.xcconfig; name = Pods.release.xcconfig; path = "Pods/Target Support Files/Pods/Pods.release.xcconfig"; sourceTree = "<group>"; };
		8FA45D39F6C98EC5117D1C16 /* libPods.a */ = {isa = PBXFileReference; explicitFileType = archive.ar; includeInIndex = 0; path = libPods.a; sourceTree = BUILT_PRODUCTS_DIR; };
/* End PBXFileReference section */

/* Begin PBXFrameworksBuildPhase section */
		6BC81D5A1A440ED90042DA9A /* Frameworks */ = {
			isa = PBXFrameworksBuildPhase;
			buildActionMask = 2147483647;
			files = (
				B0C002A28EC081550CBEFF76 /* libPods.a in Frameworks */,
			);
			runOnlyForDeploymentPostprocessing = 0;
		};
		6BC81D731A440ED90042DA9A /* Frameworks */ = {
			isa = PBXFrameworksBuildPhase;
			buildActionMask = 2147483647;
			files = (
			);
			runOnlyForDeploymentPostprocessing = 0;
		};
/* End PBXFrameworksBuildPhase section */

/* Begin PBXGroup section */
		232406928FD077E070028BDC /* Frameworks */ = {
			isa = PBXGroup;
			children = (
				8FA45D39F6C98EC5117D1C16 /* libPods.a */,
			);
			name = Frameworks;
			sourceTree = "<group>";
		};
		6B6EE8841A441D8E004A58D9 /* images */ = {
			isa = PBXGroup;
			children = (
				6B6EE89F1A44A312004A58D9 /* image-down1.png */,
				6B6EE8A01A44A312004A58D9 /* image-up1.png */,
				6B6EE89D1A44A1B6004A58D9 /* arrow-down@2x.png */,
				6B6EE8991A449F8C004A58D9 /* glass-fork.png */,
				6B6EE89A1A449F8C004A58D9 /* glass-fork@2x.png */,
				6B6EE8951A449F7A004A58D9 /* arrow-down-circle@2x.png */,
				6B6EE8961A449F7A004A58D9 /* arrow-down-circle.png */,
				6B6EE8911A449F18004A58D9 /* close-icon@2x.png */,
				6B6EE8921A449F18004A58D9 /* close-icon.png */,
				6B6EE88D1A449EEC004A58D9 /* arrow-up@2x.png */,
				6B6EE88E1A449EEC004A58D9 /* arrow-up.png */,
				6B6EE8851A441DC7004A58D9 /* main-bg-black.png */,
				6B6EE8871A441DD0004A58D9 /* main-bg-black@2x.png */,
				6B6EE8891A441DF3004A58D9 /* main-bg-clear.png */,
				6B6EE88A1A441DF3004A58D9 /* main-bg-clear@2x.png */,
			);
			name = images;
			sourceTree = "<group>";
		};
		6BC81D541A440ED90042DA9A = {
			isa = PBXGroup;
			children = (
				6BC81D5F1A440ED90042DA9A /* embers-ios-template */,
				6BC81D791A440ED90042DA9A /* embers-ios-templateTests */,
				6BC81D5E1A440ED90042DA9A /* Products */,
				748FD9A60E62753F076540A5 /* Pods */,
				232406928FD077E070028BDC /* Frameworks */,
			);
			sourceTree = "<group>";
		};
		6BC81D5E1A440ED90042DA9A /* Products */ = {
			isa = PBXGroup;
			children = (
				6BC81D5D1A440ED90042DA9A /* embers-ios-template.app */,
				6BC81D761A440ED90042DA9A /* embers-ios-templateTests.xctest */,
			);
			name = Products;
			sourceTree = "<group>";
		};
		6BC81D5F1A440ED90042DA9A /* embers-ios-template */ = {
			isa = PBXGroup;
			children = (
				6B6EE8841A441D8E004A58D9 /* images */,
				6BC81D8E1A4410DA0042DA9A /* models */,
				6BC81D8D1A4410D20042DA9A /* views */,
				6BC81D891A4410A40042DA9A /* controllers */,
				6BC81D641A440ED90042DA9A /* AppDelegate.h */,
				6BC81D651A440ED90042DA9A /* AppDelegate.m */,
				6BC81D6A1A440ED90042DA9A /* Main.storyboard */,
				6BC81D6D1A440ED90042DA9A /* Images.xcassets */,
				6BC81D6F1A440ED90042DA9A /* LaunchScreen-bak.xib */,
				6BC81D601A440ED90042DA9A /* Supporting Files */,
			);
			path = "embers-ios-template";
			sourceTree = "<group>";
		};
		6BC81D601A440ED90042DA9A /* Supporting Files */ = {
			isa = PBXGroup;
			children = (
				6B353CE01A44BC9000B5D930 /* EMBERSConfig.m */,
				6B353CDF1A44BC7B00B5D930 /* EMBERSConfig.h */,
				6B6EE87D1A441A3B004A58D9 /* NSDictionary+Additions.h */,
				6B6EE87E1A441A3B004A58D9 /* NSDictionary+Additions.m */,
				6BC81D921A4411220042DA9A /* CacheController.h */,
				6BC81D931A4411220042DA9A /* CacheController.m */,
				6BC81D611A440ED90042DA9A /* Info.plist */,
				6BC81D621A440ED90042DA9A /* main.m */,
				6B6EE8831A441BB9004A58D9 /* EmbersIosTemplate-Prefix.pch */,
			);
			name = "Supporting Files";
			sourceTree = "<group>";
		};
		6BC81D791A440ED90042DA9A /* embers-ios-templateTests */ = {
			isa = PBXGroup;
			children = (
				6BC81D7C1A440ED90042DA9A /* embers_ios_templateTests.m */,
				6BC81D7A1A440ED90042DA9A /* Supporting Files */,
			);
			path = "embers-ios-templateTests";
			sourceTree = "<group>";
		};
		6BC81D7A1A440ED90042DA9A /* Supporting Files */ = {
			isa = PBXGroup;
			children = (
				6BC81D7B1A440ED90042DA9A /* Info.plist */,
			);
			name = "Supporting Files";
			sourceTree = "<group>";
		};
		6BC81D891A4410A40042DA9A /* controllers */ = {
			isa = PBXGroup;
			children = (
				6B6EE83B1A4419C8004A58D9 /* NewsViewController.h */,
				6B6EE83C1A4419C8004A58D9 /* NewsViewController.m */,
				6B6EE83D1A4419C8004A58D9 /* MIViewController.h */,
				6B6EE83E1A4419C8004A58D9 /* MIViewController.m */,
				6B6EE83F1A4419C8004A58D9 /* MenuTableViewController.h */,
				6B6EE8401A4419C8004A58D9 /* MenuTableViewController.m */,
				6B6EE8411A4419C8004A58D9 /* ViewController.h */,
				6B6EE8421A4419C8004A58D9 /* ViewController.m */,
				6B6EE8431A4419C8004A58D9 /* MenuListViewController.h */,
				6B6EE8441A4419C8004A58D9 /* MenuListViewController.m */,
				6B6EE8451A4419C8004A58D9 /* MapViewController.h */,
				6B6EE8461A4419C8004A58D9 /* MapViewController.m */,
			);
			name = controllers;
			sourceTree = "<group>";
		};
		6BC81D8D1A4410D20042DA9A /* views */ = {
			isa = PBXGroup;
			children = (
				6B6EE8681A4419E5004A58D9 /* MHBottomDecoratorCell.h */,
				6B6EE8691A4419E5004A58D9 /* MHBottomDecoratorCell.m */,
				6B6EE86A1A4419E5004A58D9 /* MenuHeaderView.h */,
				6B6EE86B1A4419E5004A58D9 /* MenuHeaderView.m */,
				6B6EE86C1A4419E5004A58D9 /* MenuItemView.h */,
				6B6EE86D1A4419E5004A58D9 /* MenuItemView.m */,
				6B6EE86E1A4419E5004A58D9 /* MenuListItemView.h */,
				6B6EE86F1A4419E5004A58D9 /* MenuListItemView.m */,
				6B6EE8701A4419E5004A58D9 /* MenuHeaderCell.h */,
				6B6EE8711A4419E5004A58D9 /* MenuHeaderCell.m */,
				6B6EE8721A4419E5004A58D9 /* MenuItemCell.h */,
				6B6EE8731A4419E5004A58D9 /* MenuItemCell.m */,
				6B6EE8741A4419E5004A58D9 /* ButtonView.h */,
				6B6EE8751A4419E5004A58D9 /* ButtonView.m */,
			);
			name = views;
			sourceTree = "<group>";
		};
		6BC81D8E1A4410DA0042DA9A /* models */ = {
			isa = PBXGroup;
			children = (
				6B353CE51A44C5D200B5D930 /* EmbersRecord.h */,
				6B353CE61A44C5D200B5D930 /* EmbersRecord.m */,
				6B6EE84D1A4419D8004A58D9 /* ProcessedInstore.h */,
				6B6EE84E1A4419D8004A58D9 /* ProcessedInstore.m */,
				6B6EE84F1A4419D8004A58D9 /* TastingNote.h */,
				6B6EE8501A4419D8004A58D9 /* TastingNote.m */,
				6B6EE8511A4419D8004A58D9 /* MenuHeader.h */,
				6B6EE8521A4419D8004A58D9 /* MenuHeader.m */,
				6B6EE8531A4419D8004A58D9 /* Menu.h */,
				6B6EE8541A4419D8004A58D9 /* Menu.m */,
				6B6EE8551A4419D8004A58D9 /* MenuItem.h */,
				6B6EE8581A4419D8004A58D9 /* MenuItem.m */,
				6B6EE8591A4419D8004A58D9 /* AppData.h */,
				6B6EE85A1A4419D8004A58D9 /* AppData.m */,
				6B6EE85B1A4419D8004A58D9 /* MenuCache.h */,
				6B6EE85C1A4419D8004A58D9 /* MenuCache.m */,
				6B6EE85D1A4419D8004A58D9 /* ModelData.h */,
				6B6EE85E1A4419D8004A58D9 /* ModelData.m */,
				6B353CE21A44C50C00B5D930 /* Location.h */,
				6B353CE31A44C50C00B5D930 /* Location.m */,
			);
			name = models;
			sourceTree = "<group>";
		};
		748FD9A60E62753F076540A5 /* Pods */ = {
			isa = PBXGroup;
			children = (
				153C1C532813166E886D648D /* Pods.debug.xcconfig */,
				8C3B174A89C0B7566741789F /* Pods.release.xcconfig */,
			);
			name = Pods;
			sourceTree = "<group>";
		};
/* End PBXGroup section */

/* Begin PBXNativeTarget section */
		6BC81D5C1A440ED90042DA9A /* embers-ios-template */ = {
			isa = PBXNativeTarget;
			buildConfigurationList = 6BC81D801A440ED90042DA9A /* Build configuration list for PBXNativeTarget "embers-ios-template" */;
			buildPhases = (
				4D603B2B87B1862B1C83E6C3 /* Check Pods Manifest.lock */,
				6BC81D591A440ED90042DA9A /* Sources */,
				6BC81D5A1A440ED90042DA9A /* Frameworks */,
				6BC81D5B1A440ED90042DA9A /* Resources */,
				DF91C21171A8A83405CF5853 /* Copy Pods Resources */,
			);
			buildRules = (
			);
			dependencies = (
			);
			name = "embers-ios-template";
			productName = "embers-ios-template";
			productReference = 6BC81D5D1A440ED90042DA9A /* embers-ios-template.app */;
			productType = "com.apple.product-type.application";
		};
		6BC81D751A440ED90042DA9A /* embers-ios-templateTests */ = {
			isa = PBXNativeTarget;
			buildConfigurationList = 6BC81D831A440ED90042DA9A /* Build configuration list for PBXNativeTarget "embers-ios-templateTests" */;
			buildPhases = (
				6BC81D721A440ED90042DA9A /* Sources */,
				6BC81D731A440ED90042DA9A /* Frameworks */,
				6BC81D741A440ED90042DA9A /* Resources */,
			);
			buildRules = (
			);
			dependencies = (
				6BC81D781A440ED90042DA9A /* PBXTargetDependency */,
			);
			name = "embers-ios-templateTests";
			productName = "embers-ios-templateTests";
			productReference = 6BC81D761A440ED90042DA9A /* embers-ios-templateTests.xctest */;
			productType = "com.apple.product-type.bundle.unit-test";
		};
/* End PBXNativeTarget section */

/* Begin PBXProject section */
		6BC81D551A440ED90042DA9A /* Project object */ = {
			isa = PBXProject;
			attributes = {
				LastUpgradeCheck = 0610;
				ORGANIZATIONNAME = Embers;
				TargetAttributes = {
					6BC81D5C1A440ED90042DA9A = {
						CreatedOnToolsVersion = 6.1;
					};
					6BC81D751A440ED90042DA9A = {
						CreatedOnToolsVersion = 6.1;
						TestTargetID = 6BC81D5C1A440ED90042DA9A;
					};
				};
			};
			buildConfigurationList = 6BC81D581A440ED90042DA9A /* Build configuration list for PBXProject "embers-ios-template" */;
			compatibilityVersion = "Xcode 3.2";
			developmentRegion = English;
			hasScannedForEncodings = 0;
			knownRegions = (
				en,
				Base,
			);
			mainGroup = 6BC81D541A440ED90042DA9A;
			productRefGroup = 6BC81D5E1A440ED90042DA9A /* Products */;
			projectDirPath = "";
			projectRoot = "";
			targets = (
				6BC81D5C1A440ED90042DA9A /* embers-ios-template */,
				6BC81D751A440ED90042DA9A /* embers-ios-templateTests */,
			);
		};
/* End PBXProject section */

/* Begin PBXResourcesBuildPhase section */
		6BC81D5B1A440ED90042DA9A /* Resources */ = {
			isa = PBXResourcesBuildPhase;
			buildActionMask = 2147483647;
			files = (
				6BC81D6C1A440ED90042DA9A /* Main.storyboard in Resources */,
				6B6EE88F1A449EEC004A58D9 /* arrow-up@2x.png in Resources */,
				6B6EE8941A449F18004A58D9 /* close-icon.png in Resources */,
				6B6EE8981A449F7A004A58D9 /* arrow-down-circle.png in Resources */,
				6B6EE89B1A449F8C004A58D9 /* glass-fork.png in Resources */,
				6B6EE88B1A441DF3004A58D9 /* main-bg-clear.png in Resources */,
				6B6EE8971A449F7A004A58D9 /* arrow-down-circle@2x.png in Resources */,
				6B6EE8A11A44A312004A58D9 /* image-down1.png in Resources */,
				6B6EE89C1A449F8C004A58D9 /* glass-fork@2x.png in Resources */,
				6B6EE88C1A441DF3004A58D9 /* main-bg-clear@2x.png in Resources */,
				6B6EE8861A441DC7004A58D9 /* main-bg-black.png in Resources */,
				6BC81D711A440ED90042DA9A /* LaunchScreen-bak.xib in Resources */,
				6B6EE8A21A44A312004A58D9 /* image-up1.png in Resources */,
				6B6EE8881A441DD0004A58D9 /* main-bg-black@2x.png in Resources */,
				6BC81D6E1A440ED90042DA9A /* Images.xcassets in Resources */,
				6B6EE8931A449F18004A58D9 /* close-icon@2x.png in Resources */,
				6B6EE89E1A44A1B6004A58D9 /* arrow-down@2x.png in Resources */,
				6B6EE8901A449EEC004A58D9 /* arrow-up.png in Resources */,
			);
			runOnlyForDeploymentPostprocessing = 0;
		};
		6BC81D741A440ED90042DA9A /* Resources */ = {
			isa = PBXResourcesBuildPhase;
			buildActionMask = 2147483647;
			files = (
			);
			runOnlyForDeploymentPostprocessing = 0;
		};
/* End PBXResourcesBuildPhase section */

/* Begin PBXShellScriptBuildPhase section */
		4D603B2B87B1862B1C83E6C3 /* Check Pods Manifest.lock */ = {
			isa = PBXShellScriptBuildPhase;
			buildActionMask = 2147483647;
			files = (
			);
			inputPaths = (
			);
			name = "Check Pods Manifest.lock";
			outputPaths = (
			);
			runOnlyForDeploymentPostprocessing = 0;
			shellPath = /bin/sh;
			shellScript = "diff \"${PODS_ROOT}/../Podfile.lock\" \"${PODS_ROOT}/Manifest.lock\" > /dev/null\nif [[ $? != 0 ]] ; then\n    cat << EOM\nerror: The sandbox is not in sync with the Podfile.lock. Run 'pod install' or update your CocoaPods installation.\nEOM\n    exit 1\nfi\n";
			showEnvVarsInLog = 0;
		};
		DF91C21171A8A83405CF5853 /* Copy Pods Resources */ = {
			isa = PBXShellScriptBuildPhase;
			buildActionMask = 2147483647;
			files = (
			);
			inputPaths = (
			);
			name = "Copy Pods Resources";
			outputPaths = (
			);
			runOnlyForDeploymentPostprocessing = 0;
			shellPath = /bin/sh;
			shellScript = "\"${SRCROOT}/Pods/Target Support Files/Pods/Pods-resources.sh\"\n";
			showEnvVarsInLog = 0;
		};
/* End PBXShellScriptBuildPhase section */

/* Begin PBXSourcesBuildPhase section */
		6BC81D591A440ED90042DA9A /* Sources */ = {
			isa = PBXSourcesBuildPhase;
			buildActionMask = 2147483647;
			files = (
				6B353CE11A44BC9000B5D930 /* EMBERSConfig.m in Sources */,
				6B6EE8791A4419E5004A58D9 /* MenuListItemView.m in Sources */,
				6B6EE84A1A4419C8004A58D9 /* ViewController.m in Sources */,
				6B6EE8491A4419C8004A58D9 /* MenuTableViewController.m in Sources */,
				6BC81D661A440ED90042DA9A /* AppDelegate.m in Sources */,
				6BC81D941A4411220042DA9A /* CacheController.m in Sources */,
				6BC81D631A440ED90042DA9A /* main.m in Sources */,
				6B6EE8621A4419D8004A58D9 /* Menu.m in Sources */,
				6B6EE87A1A4419E5004A58D9 /* MenuHeaderCell.m in Sources */,
				6B6EE85F1A4419D8004A58D9 /* ProcessedInstore.m in Sources */,
				6B6EE8471A4419C8004A58D9 /* NewsViewController.m in Sources */,
				6B6EE8671A4419D8004A58D9 /* ModelData.m in Sources */,
				6B6EE8651A4419D8004A58D9 /* AppData.m in Sources */,
				6B6EE8481A4419C8004A58D9 /* MIViewController.m in Sources */,
				6B6EE84B1A4419C8004A58D9 /* MenuListViewController.m in Sources */,
				6B6EE87B1A4419E5004A58D9 /* MenuItemCell.m in Sources */,
				6B6EE87C1A4419E5004A58D9 /* ButtonView.m in Sources */,
				6B6EE8781A4419E5004A58D9 /* MenuItemView.m in Sources */,
				6B353CE71A44C5D200B5D930 /* EmbersRecord.m in Sources */,
				6B6EE8661A4419D8004A58D9 /* MenuCache.m in Sources */,
				6B6EE8761A4419E5004A58D9 /* MHBottomDecoratorCell.m in Sources */,
				6B6EE87F1A441A3B004A58D9 /* NSDictionary+Additions.m in Sources */,
				6B353CE41A44C50C00B5D930 /* Location.m in Sources */,
				6B6EE8601A4419D8004A58D9 /* TastingNote.m in Sources */,
				6B6EE8771A4419E5004A58D9 /* MenuHeaderView.m in Sources */,
				6B6EE84C1A4419C8004A58D9 /* MapViewController.m in Sources */,
				6B6EE8611A4419D8004A58D9 /* MenuHeader.m in Sources */,
				6B6EE8641A4419D8004A58D9 /* MenuItem.m in Sources */,
			);
			runOnlyForDeploymentPostprocessing = 0;
		};
		6BC81D721A440ED90042DA9A /* Sources */ = {
			isa = PBXSourcesBuildPhase;
			buildActionMask = 2147483647;
			files = (
				6BC81D7D1A440ED90042DA9A /* embers_ios_templateTests.m in Sources */,
			);
			runOnlyForDeploymentPostprocessing = 0;
		};
/* End PBXSourcesBuildPhase section */

/* Begin PBXTargetDependency section */
		6BC81D781A440ED90042DA9A /* PBXTargetDependency */ = {
			isa = PBXTargetDependency;
			target = 6BC81D5C1A440ED90042DA9A /* embers-ios-template */;
			targetProxy = 6BC81D771A440ED90042DA9A /* PBXContainerItemProxy */;
		};
/* End PBXTargetDependency section */

/* Begin PBXVariantGroup section */
		6BC81D6A1A440ED90042DA9A /* Main.storyboard */ = {
			isa = PBXVariantGroup;
			children = (
				6BC81D6B1A440ED90042DA9A /* Base */,
			);
			name = Main.storyboard;
			sourceTree = "<group>";
		};
		6BC81D6F1A440ED90042DA9A /* LaunchScreen-bak.xib */ = {
			isa = PBXVariantGroup;
			children = (
				6BC81D701A440ED90042DA9A /* Base */,
			);
			name = "LaunchScreen-bak.xib";
			sourceTree = "<group>";
		};
/* End PBXVariantGroup section */

/* Begin XCBuildConfiguration section */
		6BC81D7E1A440ED90042DA9A /* Debug */ = {
			isa = XCBuildConfiguration;
			buildSettings = {
				ALWAYS_SEARCH_USER_PATHS = NO;
				CLANG_CXX_LANGUAGE_STANDARD = "gnu++0x";
				CLANG_CXX_LIBRARY = "libc++";
				CLANG_ENABLE_MODULES = YES;
				CLANG_ENABLE_OBJC_ARC = YES;
				CLANG_WARN_BOOL_CONVERSION = YES;
				CLANG_WARN_CONSTANT_CONVERSION = YES;
				CLANG_WARN_DIRECT_OBJC_ISA_USAGE = YES_ERROR;
				CLANG_WARN_EMPTY_BODY = YES;
				CLANG_WARN_ENUM_CONVERSION = YES;
				CLANG_WARN_INT_CONVERSION = YES;
				CLANG_WARN_OBJC_ROOT_CLASS = YES_ERROR;
				CLANG_WARN_UNREACHABLE_CODE = YES;
				CLANG_WARN__DUPLICATE_METHOD_MATCH = YES;
				"CODE_SIGN_IDENTITY[sdk=iphoneos*]" = "iPhone Developer";
				COPY_PHASE_STRIP = NO;
				ENABLE_STRICT_OBJC_MSGSEND = YES;
				GCC_C_LANGUAGE_STANDARD = gnu99;
				GCC_DYNAMIC_NO_PIC = NO;
				GCC_OPTIMIZATION_LEVEL = 0;
				GCC_PREPROCESSOR_DEFINITIONS = (
					"DEBUG=1",
					"$(inherited)",
				);
				GCC_SYMBOLS_PRIVATE_EXTERN = NO;
				GCC_WARN_64_TO_32_BIT_CONVERSION = YES;
				GCC_WARN_ABOUT_RETURN_TYPE = YES_ERROR;
				GCC_WARN_UNDECLARED_SELECTOR = YES;
				GCC_WARN_UNINITIALIZED_AUTOS = YES_AGGRESSIVE;
				GCC_WARN_UNUSED_FUNCTION = YES;
				GCC_WARN_UNUSED_VARIABLE = YES;
				IPHONEOS_DEPLOYMENT_TARGET = 8.1;
				MTL_ENABLE_DEBUG_INFO = YES;
				ONLY_ACTIVE_ARCH = YES;
				SDKROOT = iphoneos;
			};
			name = Debug;
		};
		6BC81D7F1A440ED90042DA9A /* Release */ = {
			isa = XCBuildConfiguration;
			buildSettings = {
				ALWAYS_SEARCH_USER_PATHS = NO;
				CLANG_CXX_LANGUAGE_STANDARD = "gnu++0x";
				CLANG_CXX_LIBRARY = "libc++";
				CLANG_ENABLE_MODULES = YES;
				CLANG_ENABLE_OBJC_ARC = YES;
				CLANG_WARN_BOOL_CONVERSION = YES;
				CLANG_WARN_CONSTANT_CONVERSION = YES;
				CLANG_WARN_DIRECT_OBJC_ISA_USAGE = YES_ERROR;
				CLANG_WARN_EMPTY_BODY = YES;
				CLANG_WARN_ENUM_CONVERSION = YES;
				CLANG_WARN_INT_CONVERSION = YES;
				CLANG_WARN_OBJC_ROOT_CLASS = YES_ERROR;
				CLANG_WARN_UNREACHABLE_CODE = YES;
				CLANG_WARN__DUPLICATE_METHOD_MATCH = YES;
				"CODE_SIGN_IDENTITY[sdk=iphoneos*]" = "iPhone Developer";
				COPY_PHASE_STRIP = YES;
				ENABLE_NS_ASSERTIONS = NO;
				ENABLE_STRICT_OBJC_MSGSEND = YES;
				GCC_C_LANGUAGE_STANDARD = gnu99;
				GCC_WARN_64_TO_32_BIT_CONVERSION = YES;
				GCC_WARN_ABOUT_RETURN_TYPE = YES_ERROR;
				GCC_WARN_UNDECLARED_SELECTOR = YES;
				GCC_WARN_UNINITIALIZED_AUTOS = YES_AGGRESSIVE;
				GCC_WARN_UNUSED_FUNCTION = YES;
				GCC_WARN_UNUSED_VARIABLE = YES;
				IPHONEOS_DEPLOYMENT_TARGET = 8.1;
				MTL_ENABLE_DEBUG_INFO = NO;
				ONLY_ACTIVE_ARCH = YES;
				SDKROOT = iphoneos;
				VALIDATE_PRODUCT = YES;
			};
			name = Release;
		};
		6BC81D811A440ED90042DA9A /* Debug */ = {
			isa = XCBuildConfiguration;
			baseConfigurationReference = 153C1C532813166E886D648D /* Pods.debug.xcconfig */;
			buildSettings = {
				ASSETCATALOG_COMPILER_APPICON_NAME = AppIcon;
				INFOPLIST_FILE = "embers-ios-template/Info.plist";
				LD_RUNPATH_SEARCH_PATHS = "$(inherited) @executable_path/Frameworks";
				PRODUCT_NAME = "$(TARGET_NAME)";
			};
			name = Debug;
		};
		6BC81D821A440ED90042DA9A /* Release */ = {
			isa = XCBuildConfiguration;
			baseConfigurationReference = 8C3B174A89C0B7566741789F /* Pods.release.xcconfig */;
			buildSettings = {
				ASSETCATALOG_COMPILER_APPICON_NAME = AppIcon;
				INFOPLIST_FILE = "embers-ios-template/Info.plist";
				LD_RUNPATH_SEARCH_PATHS = "$(inherited) @executable_path/Frameworks";
				PRODUCT_NAME = "$(TARGET_NAME)";
			};
			name = Release;
		};
		6BC81D841A440ED90042DA9A /* Debug */ = {
			isa = XCBuildConfiguration;
			buildSettings = {
				BUNDLE_LOADER = "$(TEST_HOST)";
				FRAMEWORK_SEARCH_PATHS = (
					"$(SDKROOT)/Developer/Library/Frameworks",
					"$(inherited)",
				);
				GCC_PREPROCESSOR_DEFINITIONS = (
					"DEBUG=1",
					"$(inherited)",
				);
				INFOPLIST_FILE = "embers-ios-templateTests/Info.plist";
				LD_RUNPATH_SEARCH_PATHS = "$(inherited) @executable_path/Frameworks @loader_path/Frameworks";
				PRODUCT_NAME = "$(TARGET_NAME)";
				TEST_HOST = "$(BUILT_PRODUCTS_DIR)/embers-ios-template.app/embers-ios-template";
			};
			name = Debug;
		};
		6BC81D851A440ED90042DA9A /* Release */ = {
			isa = XCBuildConfiguration;
			buildSettings = {
				BUNDLE_LOADER = "$(TEST_HOST)";
				FRAMEWORK_SEARCH_PATHS = (
					"$(SDKROOT)/Developer/Library/Frameworks",
					"$(inherited)",
				);
				INFOPLIST_FILE = "embers-ios-templateTests/Info.plist";
				LD_RUNPATH_SEARCH_PATHS = "$(inherited) @executable_path/Frameworks @loader_path/Frameworks";
				PRODUCT_NAME = "$(TARGET_NAME)";
				TEST_HOST = "$(BUILT_PRODUCTS_DIR)/embers-ios-template.app/embers-ios-template";
			};
			name = Release;
		};
/* End XCBuildConfiguration section */

/* Begin XCConfigurationList section */
		6BC81D581A440ED90042DA9A /* Build configuration list for PBXProject "embers-ios-template" */ = {
			isa = XCConfigurationList;
			buildConfigurations = (
				6BC81D7E1A440ED90042DA9A /* Debug */,
				6BC81D7F1A440ED90042DA9A /* Release */,
			);
			defaultConfigurationIsVisible = 0;
			defaultConfigurationName = Release;
		};
		6BC81D801A440ED90042DA9A /* Build configuration list for PBXNativeTarget "embers-ios-template" */ = {
			isa = XCConfigurationList;
			buildConfigurations = (
				6BC81D811A440ED90042DA9A /* Debug */,
				6BC81D821A440ED90042DA9A /* Release */,
			);
			defaultConfigurationIsVisible = 0;
			defaultConfigurationName = Release;
		};
		6BC81D831A440ED90042DA9A /* Build configuration list for PBXNativeTarget "embers-ios-templateTests" */ = {
			isa = XCConfigurationList;
			buildConfigurations = (
				6BC81D841A440ED90042DA9A /* Debug */,
				6BC81D851A440ED90042DA9A /* Release */,
			);
			defaultConfigurationIsVisible = 0;
			defaultConfigurationName = Release;
		};
/* End XCConfigurationList section */
	};
	rootObject = 6BC81D551A440ED90042DA9A /* Project object */;
}
